
Microsoft Visual Studio Solution File, Format Version 12.00
# Visual Studio Version 16
VisualStudioVersion = 16.0.31624.102
MinimumVisualStudioVersion = 10.0.40219.1
Project("{8BC9CEB8-8B4A-11D0-8D11-00A0C91BC942}") = "I_zadanie12", "ConsoleApplication1.vcxproj", "{3D0204B6-F850-4294-8A45-37193E64A384}"
EndProject
Project("{8BC9CEB8-8B4A-11D0-8D11-00A0C91BC942}") = "III_zadanie4", "..\III_zadanie4\III_zadanie4.vcxproj", "{F6874A43-E2A2-4375-92B3-69D269A4C1E7}"
EndProject
Project("{8BC9CEB8-8B4A-11D0-8D11-00A0C91BC942}") = "II_zadanie9", "..\II_zadanie9\II_zadanie9.vcxproj", "{958F63B6-881C-443E-9DFA-3AF42103B063}"
EndProject
Project("{8BC9CEB8-8B4A-11D0-8D11-00A0C91BC942}") = "contest", "..\contest\contest.vcxproj", "{A5961F3E-C33C-4E5A-8720-4E52EA716A2E}"
EndProject
Project("{8BC9CEB8-8B4A-11D0-8D11-00A0C91BC942}") = "3_II_zadanie15", "..\3_II_zadanie15\3_II_zadanie15.vcxproj", "{0BCE2AD5-68D4-4A2A-90DC-BC3FE2E3C218}"
EndProject
Project("{8BC9CEB8-8B4A-11D0-8D11-00A0C91BC942}") = "3_III_zadanie19", "..\3_III_zadanie19\3_III_zadanie19.vcxproj", "{FAD3D148-9871-46AE-9C08-EB6C0E97470F}"
EndProject
Project("{8BC9CEB8-8B4A-11D0-8D11-00A0C91BC942}") = "3_III_zadanie16", "..\3_IV_zadanie16\3_IV_zadanie16.vcxproj", "{A670E25A-3E09-4E24-BA1F-DE8EF44841D6}"
EndProject
Project("{8BC9CEB8-8B4A-11D0-8D11-00A0C91BC942}") = "3_I_zadanie15", "..\3_I_zadanie15\3_I_zadanie15.vcxproj", "{F8986E5D-DDD7-4C43-A142-DD26CC1C82FF}"
EndProject
Project("{8BC9CEB8-8B4A-11D0-8D11-00A0C91BC942}") = "3_II_zadanie4", "..\3_II_zadanie4\3_II_zadanie4.vcxproj", "{E8E6D30B-C277-45BF-B656-F4212EDB4387}"
EndProject
Project("{8BC9CEB8-8B4A-11D0-8D11-00A0C91BC942}") = "3_IV_zadanie20", "..\3_IV_zadanie20\3_IV_zadanie20.vcxproj", "{61318117-35ED-4CB7-8C9D-F16EAD9470CF}"
EndProject
Project("{8BC9CEB8-8B4A-11D0-8D11-00A0C91BC942}") = "2_zadanie13", "..\2_zadanie13\2_zadanie13.vcxproj", "{EC3C568D-95BF-4E3E-B8B0-4381D3EEAC65}"
EndProject
Project("{8BC9CEB8-8B4A-11D0-8D11-00A0C91BC942}") = "3_V_zadanie5", "..\3_V_zadanie5\3_V_zadanie5.vcxproj", "{CA194923-55A3-4B7D-9F4B-076B62C9AB27}"
EndProject
Project("{8BC9CEB8-8B4A-11D0-8D11-00A0C91BC942}") = "3_VI_zadanie6", "..\3_VI_zadanie6\3_VI_zadanie6.vcxproj", "{1ED60A51-928C-49CD-8A54-B0E3894B4CFE}"
EndProject
Project("{8BC9CEB8-8B4A-11D0-8D11-00A0C91BC942}") = "4_I_zadanie14", "..\4_I_zadanie14\4_I_zadanie14.vcxproj", "{13247DB0-EBBF-4B83-8A4F-22EDE8A0BC05}"
EndProject
Project("{8BC9CEB8-8B4A-11D0-8D11-00A0C91BC942}") = "2_zadanie13pravilnoe", "..\2_zadanie13pravilnoe\2_zadanie13pravilnoe.vcxproj", "{F22AB0FD-1B42-40EF-A479-7CC698267EE9}"
EndProject
Project("{8BC9CEB8-8B4A-11D0-8D11-00A0C91BC942}") = "5_I_zadanie16", "..\5_I_zadanie16\5_I_zadanie16.vcxproj", "{48D0AB69-268D-4AD1-ACB5-A4259DAC4495}"
EndProject
Project("{8BC9CEB8-8B4A-11D0-8D11-00A0C91BC942}") = "5_II_zadanie5", "..\5_II_zadanie5\5_II_zadanie5.vcxproj", "{56E6C241-0760-4C41-ABB3-24228459FB01}"
EndProject
Project("{8BC9CEB8-8B4A-11D0-8D11-00A0C91BC942}") = "5_III_zadanie18", "..\5_III_zadanie18\5_III_zadanie18.vcxproj", "{E00E1368-C6A0-4CC9-8AD6-BF1F9BDC4EDC}"
EndProject
Project("{8BC9CEB8-8B4A-11D0-8D11-00A0C91BC942}") = "5_IV_zadanie7", "..\5_IV_zadanie7\5_IV_zadanie7.vcxproj", "{CA2D468B-ECC9-40A9-827A-6DC34393E944}"
EndProject
Project("{8BC9CEB8-8B4A-11D0-8D11-00A0C91BC942}") = "8_I_zadanie4-3", "..\8_I_zadanie4-3\8_I_zadanie4-3.vcxproj", "{0001E395-74EC-423A-9236-2A2462175589}"
EndProject
Project("{8BC9CEB8-8B4A-11D0-8D11-00A0C91BC942}") = "6_I_zadanie7", "..\6_I_zadanie7\6_I_zadanie7.vcxproj", "{7DED284D-37C9-4ED5-8D18-7D717C0C2076}"
EndProject
Project("{8BC9CEB8-8B4A-11D0-8D11-00A0C91BC942}") = "6_I_zadanie17", "..\6_I_zadanie17\6_I_zadanie17.vcxproj", "{07A5E9B3-FDBC-406F-8DEE-A7402EC6C825}"
EndProject
Project("{8BC9CEB8-8B4A-11D0-8D11-00A0C91BC942}") = "6_II_zadanie14", "..\6_II_zadanie14\6_II_zadanie14.vcxproj", "{788AC9D1-D5D7-4165-9F41-12092EB40BC5}"
EndProject
Project("{8BC9CEB8-8B4A-11D0-8D11-00A0C91BC942}") = "6_III_zadainie7", "..\6_III_zadainie7\6_III_zadainie7.vcxproj", "{CC243C02-0A84-4D3F-AA24-0911E8F08FF5}"
EndProject
Project("{8BC9CEB8-8B4A-11D0-8D11-00A0C91BC942}") = "6_IV_zadanie15", "..\6_IV_zadanie15\6_IV_zadanie15.vcxproj", "{3138D3C9-3FCF-48EC-A78E-74BDC8CA6CDC}"
EndProject
Project("{8BC9CEB8-8B4A-11D0-8D11-00A0C91BC942}") = "6_V_zadanie3", "..\6_V_zadanie3\6_V_zadanie3.vcxproj", "{9AEAB6A4-C24E-4506-87CF-7C2D48342DC9}"
EndProject
Project("{8BC9CEB8-8B4A-11D0-8D11-00A0C91BC942}") = "6_V_zadanie8", "..\6_V_zadanie8\6_V_zadanie8.vcxproj", "{1344F923-33BD-415C-A80E-ED85488DB379}"
EndProject
Project("{8BC9CEB8-8B4A-11D0-8D11-00A0C91BC942}") = "6_V_zadanie7", "..\6_V_zadanie7\6_V_zadanie7.vcxproj", "{D14A2365-6952-4C59-A181-2C843EFDE070}"
EndProject
Project("{8BC9CEB8-8B4A-11D0-8D11-00A0C91BC942}") = "7_II_zadanie15", "..\7_II_zadanie15\7_II_zadanie15.vcxproj", "{2E2EFA85-EB73-4F45-B80F-D423B4E04F95}"
EndProject
Project("{8BC9CEB8-8B4A-11D0-8D11-00A0C91BC942}") = "7_III_zadanie7", "..\7_III_zadanie7\7_III_zadanie7.vcxproj", "{837C9284-393D-4D12-8FF4-2F31305DCA13}"
EndProject
Project("{8BC9CEB8-8B4A-11D0-8D11-00A0C91BC942}") = "9_I_zadanie5", "..\9_I_zadanie5\9_I_zadanie5.vcxproj", "{E84AEFA3-857E-4824-8D55-2EEBABD882DC}"
EndProject
Project("{8BC9CEB8-8B4A-11D0-8D11-00A0C91BC942}") = "9_II_zadanie16", "..\9_II_zadanie16\9_II_zadanie16.vcxproj", "{E866C1D9-CCC8-4BB1-849D-C67B02659618}"
EndProject
Project("{8BC9CEB8-8B4A-11D0-8D11-00A0C91BC942}") = "10_I_zadanie12", "..\10_I_zadanie12\10_I_zadanie12.vcxproj", "{70534C79-350C-4F8B-B433-556ED140C0D2}"
EndProject
Project("{8BC9CEB8-8B4A-11D0-8D11-00A0C91BC942}") = "10_II_zadanie14", "..\10_II_zadanie14\10_II_zadanie14.vcxproj", "{4DADCD70-A23D-4FF2-B834-4D6A0B7F8195}"
EndProject
Global
	GlobalSection(SolutionConfigurationPlatforms) = preSolution
		Debug|x64 = Debug|x64
		Debug|x86 = Debug|x86
		Release|x64 = Release|x64
		Release|x86 = Release|x86
	EndGlobalSection
	GlobalSection(ProjectConfigurationPlatforms) = postSolution
		{3D0204B6-F850-4294-8A45-37193E64A384}.Debug|x64.ActiveCfg = Debug|x64
		{3D0204B6-F850-4294-8A45-37193E64A384}.Debug|x64.Build.0 = Debug|x64
		{3D0204B6-F850-4294-8A45-37193E64A384}.Debug|x86.ActiveCfg = Debug|Win32
		{3D0204B6-F850-4294-8A45-37193E64A384}.Debug|x86.Build.0 = Debug|Win32
		{3D0204B6-F850-4294-8A45-37193E64A384}.Release|x64.ActiveCfg = Release|x64
		{3D0204B6-F850-4294-8A45-37193E64A384}.Release|x64.Build.0 = Release|x64
		{3D0204B6-F850-4294-8A45-37193E64A384}.Release|x86.ActiveCfg = Release|Win32
		{3D0204B6-F850-4294-8A45-37193E64A384}.Release|x86.Build.0 = Release|Win32
		{F6874A43-E2A2-4375-92B3-69D269A4C1E7}.Debug|x64.ActiveCfg = Debug|x64
		{F6874A43-E2A2-4375-92B3-69D269A4C1E7}.Debug|x64.Build.0 = Debug|x64
		{F6874A43-E2A2-4375-92B3-69D269A4C1E7}.Debug|x86.ActiveCfg = Debug|Win32
		{F6874A43-E2A2-4375-92B3-69D269A4C1E7}.Debug|x86.Build.0 = Debug|Win32
		{F6874A43-E2A2-4375-92B3-69D269A4C1E7}.Release|x64.ActiveCfg = Release|x64
		{F6874A43-E2A2-4375-92B3-69D269A4C1E7}.Release|x64.Build.0 = Release|x64
		{F6874A43-E2A2-4375-92B3-69D269A4C1E7}.Release|x86.ActiveCfg = Release|Win32
		{F6874A43-E2A2-4375-92B3-69D269A4C1E7}.Release|x86.Build.0 = Release|Win32
		{958F63B6-881C-443E-9DFA-3AF42103B063}.Debug|x64.ActiveCfg = Debug|x64
		{958F63B6-881C-443E-9DFA-3AF42103B063}.Debug|x64.Build.0 = Debug|x64
		{958F63B6-881C-443E-9DFA-3AF42103B063}.Debug|x86.ActiveCfg = Debug|Win32
		{958F63B6-881C-443E-9DFA-3AF42103B063}.Debug|x86.Build.0 = Debug|Win32
		{958F63B6-881C-443E-9DFA-3AF42103B063}.Release|x64.ActiveCfg = Release|x64
		{958F63B6-881C-443E-9DFA-3AF42103B063}.Release|x64.Build.0 = Release|x64
		{958F63B6-881C-443E-9DFA-3AF42103B063}.Release|x86.ActiveCfg = Release|Win32
		{958F63B6-881C-443E-9DFA-3AF42103B063}.Release|x86.Build.0 = Release|Win32
		{A5961F3E-C33C-4E5A-8720-4E52EA716A2E}.Debug|x64.ActiveCfg = Debug|x64
		{A5961F3E-C33C-4E5A-8720-4E52EA716A2E}.Debug|x64.Build.0 = Debug|x64
		{A5961F3E-C33C-4E5A-8720-4E52EA716A2E}.Debug|x86.ActiveCfg = Debug|Win32
		{A5961F3E-C33C-4E5A-8720-4E52EA716A2E}.Debug|x86.Build.0 = Debug|Win32
		{A5961F3E-C33C-4E5A-8720-4E52EA716A2E}.Release|x64.ActiveCfg = Release|x64
		{A5961F3E-C33C-4E5A-8720-4E52EA716A2E}.Release|x64.Build.0 = Release|x64
		{A5961F3E-C33C-4E5A-8720-4E52EA716A2E}.Release|x86.ActiveCfg = Release|Win32
		{A5961F3E-C33C-4E5A-8720-4E52EA716A2E}.Release|x86.Build.0 = Release|Win32
		{0BCE2AD5-68D4-4A2A-90DC-BC3FE2E3C218}.Debug|x64.ActiveCfg = Debug|x64
		{0BCE2AD5-68D4-4A2A-90DC-BC3FE2E3C218}.Debug|x64.Build.0 = Debug|x64
		{0BCE2AD5-68D4-4A2A-90DC-BC3FE2E3C218}.Debug|x86.ActiveCfg = Debug|Win32
		{0BCE2AD5-68D4-4A2A-90DC-BC3FE2E3C218}.Debug|x86.Build.0 = Debug|Win32
		{0BCE2AD5-68D4-4A2A-90DC-BC3FE2E3C218}.Release|x64.ActiveCfg = Release|x64
		{0BCE2AD5-68D4-4A2A-90DC-BC3FE2E3C218}.Release|x64.Build.0 = Release|x64
		{0BCE2AD5-68D4-4A2A-90DC-BC3FE2E3C218}.Release|x86.ActiveCfg = Release|Win32
		{0BCE2AD5-68D4-4A2A-90DC-BC3FE2E3C218}.Release|x86.Build.0 = Release|Win32
		{FAD3D148-9871-46AE-9C08-EB6C0E97470F}.Debug|x64.ActiveCfg = Debug|x64
		{FAD3D148-9871-46AE-9C08-EB6C0E97470F}.Debug|x64.Build.0 = Debug|x64
		{FAD3D148-9871-46AE-9C08-EB6C0E97470F}.Debug|x86.ActiveCfg = Debug|Win32
		{FAD3D148-9871-46AE-9C08-EB6C0E97470F}.Debug|x86.Build.0 = Debug|Win32
		{FAD3D148-9871-46AE-9C08-EB6C0E97470F}.Release|x64.ActiveCfg = Release|x64
		{FAD3D148-9871-46AE-9C08-EB6C0E97470F}.Release|x64.Build.0 = Release|x64
		{FAD3D148-9871-46AE-9C08-EB6C0E97470F}.Release|x86.ActiveCfg = Release|Win32
		{FAD3D148-9871-46AE-9C08-EB6C0E97470F}.Release|x86.Build.0 = Release|Win32
		{A670E25A-3E09-4E24-BA1F-DE8EF44841D6}.Debug|x64.ActiveCfg = Debug|x64
		{A670E25A-3E09-4E24-BA1F-DE8EF44841D6}.Debug|x64.Build.0 = Debug|x64
		{A670E25A-3E09-4E24-BA1F-DE8EF44841D6}.Debug|x86.ActiveCfg = Debug|Win32
		{A670E25A-3E09-4E24-BA1F-DE8EF44841D6}.Debug|x86.Build.0 = Debug|Win32
		{A670E25A-3E09-4E24-BA1F-DE8EF44841D6}.Release|x64.ActiveCfg = Release|x64
		{A670E25A-3E09-4E24-BA1F-DE8EF44841D6}.Release|x64.Build.0 = Release|x64
		{A670E25A-3E09-4E24-BA1F-DE8EF44841D6}.Release|x86.ActiveCfg = Release|Win32
		{A670E25A-3E09-4E24-BA1F-DE8EF44841D6}.Release|x86.Build.0 = Release|Win32
		{F8986E5D-DDD7-4C43-A142-DD26CC1C82FF}.Debug|x64.ActiveCfg = Debug|x64
		{F8986E5D-DDD7-4C43-A142-DD26CC1C82FF}.Debug|x64.Build.0 = Debug|x64
		{F8986E5D-DDD7-4C43-A142-DD26CC1C82FF}.Debug|x86.ActiveCfg = Debug|Win32
		{F8986E5D-DDD7-4C43-A142-DD26CC1C82FF}.Debug|x86.Build.0 = Debug|Win32
		{F8986E5D-DDD7-4C43-A142-DD26CC1C82FF}.Release|x64.ActiveCfg = Release|x64
		{F8986E5D-DDD7-4C43-A142-DD26CC1C82FF}.Release|x64.Build.0 = Release|x64
		{F8986E5D-DDD7-4C43-A142-DD26CC1C82FF}.Release|x86.ActiveCfg = Release|Win32
		{F8986E5D-DDD7-4C43-A142-DD26CC1C82FF}.Release|x86.Build.0 = Release|Win32
		{E8E6D30B-C277-45BF-B656-F4212EDB4387}.Debug|x64.ActiveCfg = Debug|x64
		{E8E6D30B-C277-45BF-B656-F4212EDB4387}.Debug|x64.Build.0 = Debug|x64
		{E8E6D30B-C277-45BF-B656-F4212EDB4387}.Debug|x86.ActiveCfg = Debug|Win32
		{E8E6D30B-C277-45BF-B656-F4212EDB4387}.Debug|x86.Build.0 = Debug|Win32
		{E8E6D30B-C277-45BF-B656-F4212EDB4387}.Release|x64.ActiveCfg = Release|x64
		{E8E6D30B-C277-45BF-B656-F4212EDB4387}.Release|x64.Build.0 = Release|x64
		{E8E6D30B-C277-45BF-B656-F4212EDB4387}.Release|x86.ActiveCfg = Release|Win32
		{E8E6D30B-C277-45BF-B656-F4212EDB4387}.Release|x86.Build.0 = Release|Win32
		{61318117-35ED-4CB7-8C9D-F16EAD9470CF}.Debug|x64.ActiveCfg = Debug|x64
		{61318117-35ED-4CB7-8C9D-F16EAD9470CF}.Debug|x64.Build.0 = Debug|x64
		{61318117-35ED-4CB7-8C9D-F16EAD9470CF}.Debug|x86.ActiveCfg = Debug|Win32
		{61318117-35ED-4CB7-8C9D-F16EAD9470CF}.Debug|x86.Build.0 = Debug|Win32
		{61318117-35ED-4CB7-8C9D-F16EAD9470CF}.Release|x64.ActiveCfg = Release|x64
		{61318117-35ED-4CB7-8C9D-F16EAD9470CF}.Release|x64.Build.0 = Release|x64
		{61318117-35ED-4CB7-8C9D-F16EAD9470CF}.Release|x86.ActiveCfg = Release|Win32
		{61318117-35ED-4CB7-8C9D-F16EAD9470CF}.Release|x86.Build.0 = Release|Win32
		{EC3C568D-95BF-4E3E-B8B0-4381D3EEAC65}.Debug|x64.ActiveCfg = Debug|x64
		{EC3C568D-95BF-4E3E-B8B0-4381D3EEAC65}.Debug|x64.Build.0 = Debug|x64
		{EC3C568D-95BF-4E3E-B8B0-4381D3EEAC65}.Debug|x86.ActiveCfg = Debug|Win32
		{EC3C568D-95BF-4E3E-B8B0-4381D3EEAC65}.Debug|x86.Build.0 = Debug|Win32
		{EC3C568D-95BF-4E3E-B8B0-4381D3EEAC65}.Release|x64.ActiveCfg = Release|x64
		{EC3C568D-95BF-4E3E-B8B0-4381D3EEAC65}.Release|x64.Build.0 = Release|x64
		{EC3C568D-95BF-4E3E-B8B0-4381D3EEAC65}.Release|x86.ActiveCfg = Release|Win32
		{EC3C568D-95BF-4E3E-B8B0-4381D3EEAC65}.Release|x86.Build.0 = Release|Win32
		{CA194923-55A3-4B7D-9F4B-076B62C9AB27}.Debug|x64.ActiveCfg = Debug|x64
		{CA194923-55A3-4B7D-9F4B-076B62C9AB27}.Debug|x64.Build.0 = Debug|x64
		{CA194923-55A3-4B7D-9F4B-076B62C9AB27}.Debug|x86.ActiveCfg = Debug|Win32
		{CA194923-55A3-4B7D-9F4B-076B62C9AB27}.Debug|x86.Build.0 = Debug|Win32
		{CA194923-55A3-4B7D-9F4B-076B62C9AB27}.Release|x64.ActiveCfg = Release|x64
		{CA194923-55A3-4B7D-9F4B-076B62C9AB27}.Release|x64.Build.0 = Release|x64
		{CA194923-55A3-4B7D-9F4B-076B62C9AB27}.Release|x86.ActiveCfg = Release|Win32
		{CA194923-55A3-4B7D-9F4B-076B62C9AB27}.Release|x86.Build.0 = Release|Win32
		{1ED60A51-928C-49CD-8A54-B0E3894B4CFE}.Debug|x64.ActiveCfg = Debug|x64
		{1ED60A51-928C-49CD-8A54-B0E3894B4CFE}.Debug|x64.Build.0 = Debug|x64
		{1ED60A51-928C-49CD-8A54-B0E3894B4CFE}.Debug|x86.ActiveCfg = Debug|Win32
		{1ED60A51-928C-49CD-8A54-B0E3894B4CFE}.Debug|x86.Build.0 = Debug|Win32
		{1ED60A51-928C-49CD-8A54-B0E3894B4CFE}.Release|x64.ActiveCfg = Release|x64
		{1ED60A51-928C-49CD-8A54-B0E3894B4CFE}.Release|x64.Build.0 = Release|x64
		{1ED60A51-928C-49CD-8A54-B0E3894B4CFE}.Release|x86.ActiveCfg = Release|Win32
		{1ED60A51-928C-49CD-8A54-B0E3894B4CFE}.Release|x86.Build.0 = Release|Win32
		{13247DB0-EBBF-4B83-8A4F-22EDE8A0BC05}.Debug|x64.ActiveCfg = Debug|x64
		{13247DB0-EBBF-4B83-8A4F-22EDE8A0BC05}.Debug|x64.Build.0 = Debug|x64
		{13247DB0-EBBF-4B83-8A4F-22EDE8A0BC05}.Debug|x86.ActiveCfg = Debug|Win32
		{13247DB0-EBBF-4B83-8A4F-22EDE8A0BC05}.Debug|x86.Build.0 = Debug|Win32
		{13247DB0-EBBF-4B83-8A4F-22EDE8A0BC05}.Release|x64.ActiveCfg = Release|x64
		{13247DB0-EBBF-4B83-8A4F-22EDE8A0BC05}.Release|x64.Build.0 = Release|x64
		{13247DB0-EBBF-4B83-8A4F-22EDE8A0BC05}.Release|x86.ActiveCfg = Release|Win32
		{13247DB0-EBBF-4B83-8A4F-22EDE8A0BC05}.Release|x86.Build.0 = Release|Win32
		{F22AB0FD-1B42-40EF-A479-7CC698267EE9}.Debug|x64.ActiveCfg = Debug|x64
		{F22AB0FD-1B42-40EF-A479-7CC698267EE9}.Debug|x64.Build.0 = Debug|x64
		{F22AB0FD-1B42-40EF-A479-7CC698267EE9}.Debug|x86.ActiveCfg = Debug|Win32
		{F22AB0FD-1B42-40EF-A479-7CC698267EE9}.Debug|x86.Build.0 = Debug|Win32
		{F22AB0FD-1B42-40EF-A479-7CC698267EE9}.Release|x64.ActiveCfg = Release|x64
		{F22AB0FD-1B42-40EF-A479-7CC698267EE9}.Release|x64.Build.0 = Release|x64
		{F22AB0FD-1B42-40EF-A479-7CC698267EE9}.Release|x86.ActiveCfg = Release|Win32
		{F22AB0FD-1B42-40EF-A479-7CC698267EE9}.Release|x86.Build.0 = Release|Win32
		{48D0AB69-268D-4AD1-ACB5-A4259DAC4495}.Debug|x64.ActiveCfg = Debug|x64
		{48D0AB69-268D-4AD1-ACB5-A4259DAC4495}.Debug|x64.Build.0 = Debug|x64
		{48D0AB69-268D-4AD1-ACB5-A4259DAC4495}.Debug|x86.ActiveCfg = Debug|Win32
		{48D0AB69-268D-4AD1-ACB5-A4259DAC4495}.Debug|x86.Build.0 = Debug|Win32
		{48D0AB69-268D-4AD1-ACB5-A4259DAC4495}.Release|x64.ActiveCfg = Release|x64
		{48D0AB69-268D-4AD1-ACB5-A4259DAC4495}.Release|x64.Build.0 = Release|x64
		{48D0AB69-268D-4AD1-ACB5-A4259DAC4495}.Release|x86.ActiveCfg = Release|Win32
		{48D0AB69-268D-4AD1-ACB5-A4259DAC4495}.Release|x86.Build.0 = Release|Win32
		{56E6C241-0760-4C41-ABB3-24228459FB01}.Debug|x64.ActiveCfg = Debug|x64
		{56E6C241-0760-4C41-ABB3-24228459FB01}.Debug|x64.Build.0 = Debug|x64
		{56E6C241-0760-4C41-ABB3-24228459FB01}.Debug|x86.ActiveCfg = Debug|Win32
		{56E6C241-0760-4C41-ABB3-24228459FB01}.Debug|x86.Build.0 = Debug|Win32
		{56E6C241-0760-4C41-ABB3-24228459FB01}.Release|x64.ActiveCfg = Release|x64
		{56E6C241-0760-4C41-ABB3-24228459FB01}.Release|x64.Build.0 = Release|x64
		{56E6C241-0760-4C41-ABB3-24228459FB01}.Release|x86.ActiveCfg = Release|Win32
		{56E6C241-0760-4C41-ABB3-24228459FB01}.Release|x86.Build.0 = Release|Win32
		{E00E1368-C6A0-4CC9-8AD6-BF1F9BDC4EDC}.Debug|x64.ActiveCfg = Debug|x64
		{E00E1368-C6A0-4CC9-8AD6-BF1F9BDC4EDC}.Debug|x64.Build.0 = Debug|x64
		{E00E1368-C6A0-4CC9-8AD6-BF1F9BDC4EDC}.Debug|x86.ActiveCfg = Debug|Win32
		{E00E1368-C6A0-4CC9-8AD6-BF1F9BDC4EDC}.Debug|x86.Build.0 = Debug|Win32
		{E00E1368-C6A0-4CC9-8AD6-BF1F9BDC4EDC}.Release|x64.ActiveCfg = Release|x64
		{E00E1368-C6A0-4CC9-8AD6-BF1F9BDC4EDC}.Release|x64.Build.0 = Release|x64
		{E00E1368-C6A0-4CC9-8AD6-BF1F9BDC4EDC}.Release|x86.ActiveCfg = Release|Win32
		{E00E1368-C6A0-4CC9-8AD6-BF1F9BDC4EDC}.Release|x86.Build.0 = Release|Win32
		{CA2D468B-ECC9-40A9-827A-6DC34393E944}.Debug|x64.ActiveCfg = Debug|x64
		{CA2D468B-ECC9-40A9-827A-6DC34393E944}.Debug|x64.Build.0 = Debug|x64
		{CA2D468B-ECC9-40A9-827A-6DC34393E944}.Debug|x86.ActiveCfg = Debug|Win32
		{CA2D468B-ECC9-40A9-827A-6DC34393E944}.Debug|x86.Build.0 = Debug|Win32
		{CA2D468B-ECC9-40A9-827A-6DC34393E944}.Release|x64.ActiveCfg = Release|x64
		{CA2D468B-ECC9-40A9-827A-6DC34393E944}.Release|x64.Build.0 = Release|x64
		{CA2D468B-ECC9-40A9-827A-6DC34393E944}.Release|x86.ActiveCfg = Release|Win32
		{CA2D468B-ECC9-40A9-827A-6DC34393E944}.Release|x86.Build.0 = Release|Win32
		{0001E395-74EC-423A-9236-2A2462175589}.Debug|x64.ActiveCfg = Debug|x64
		{0001E395-74EC-423A-9236-2A2462175589}.Debug|x64.Build.0 = Debug|x64
		{0001E395-74EC-423A-9236-2A2462175589}.Debug|x86.ActiveCfg = Debug|Win32
		{0001E395-74EC-423A-9236-2A2462175589}.Debug|x86.Build.0 = Debug|Win32
		{0001E395-74EC-423A-9236-2A2462175589}.Release|x64.ActiveCfg = Release|x64
		{0001E395-74EC-423A-9236-2A2462175589}.Release|x64.Build.0 = Release|x64
		{0001E395-74EC-423A-9236-2A2462175589}.Release|x86.ActiveCfg = Release|Win32
		{0001E395-74EC-423A-9236-2A2462175589}.Release|x86.Build.0 = Release|Win32
		{7DED284D-37C9-4ED5-8D18-7D717C0C2076}.Debug|x64.ActiveCfg = Debug|x64
		{7DED284D-37C9-4ED5-8D18-7D717C0C2076}.Debug|x64.Build.0 = Debug|x64
		{7DED284D-37C9-4ED5-8D18-7D717C0C2076}.Debug|x86.ActiveCfg = Debug|Win32
		{7DED284D-37C9-4ED5-8D18-7D717C0C2076}.Debug|x86.Build.0 = Debug|Win32
		{7DED284D-37C9-4ED5-8D18-7D717C0C2076}.Release|x64.ActiveCfg = Release|x64
		{7DED284D-37C9-4ED5-8D18-7D717C0C2076}.Release|x64.Build.0 = Release|x64
		{7DED284D-37C9-4ED5-8D18-7D717C0C2076}.Release|x86.ActiveCfg = Release|Win32
		{7DED284D-37C9-4ED5-8D18-7D717C0C2076}.Release|x86.Build.0 = Release|Win32
		{07A5E9B3-FDBC-406F-8DEE-A7402EC6C825}.Debug|x64.ActiveCfg = Debug|x64
		{07A5E9B3-FDBC-406F-8DEE-A7402EC6C825}.Debug|x64.Build.0 = Debug|x64
		{07A5E9B3-FDBC-406F-8DEE-A7402EC6C825}.Debug|x86.ActiveCfg = Debug|Win32
		{07A5E9B3-FDBC-406F-8DEE-A7402EC6C825}.Debug|x86.Build.0 = Debug|Win32
		{07A5E9B3-FDBC-406F-8DEE-A7402EC6C825}.Release|x64.ActiveCfg = Release|x64
		{07A5E9B3-FDBC-406F-8DEE-A7402EC6C825}.Release|x64.Build.0 = Release|x64
		{07A5E9B3-FDBC-406F-8DEE-A7402EC6C825}.Release|x86.ActiveCfg = Release|Win32
		{07A5E9B3-FDBC-406F-8DEE-A7402EC6C825}.Release|x86.Build.0 = Release|Win32
		{788AC9D1-D5D7-4165-9F41-12092EB40BC5}.Debug|x64.ActiveCfg = Debug|x64
		{788AC9D1-D5D7-4165-9F41-12092EB40BC5}.Debug|x64.Build.0 = Debug|x64
		{788AC9D1-D5D7-4165-9F41-12092EB40BC5}.Debug|x86.ActiveCfg = Debug|Win32
		{788AC9D1-D5D7-4165-9F41-12092EB40BC5}.Debug|x86.Build.0 = Debug|Win32
		{788AC9D1-D5D7-4165-9F41-12092EB40BC5}.Release|x64.ActiveCfg = Release|x64
		{788AC9D1-D5D7-4165-9F41-12092EB40BC5}.Release|x64.Build.0 = Release|x64
		{788AC9D1-D5D7-4165-9F41-12092EB40BC5}.Release|x86.ActiveCfg = Release|Win32
		{788AC9D1-D5D7-4165-9F41-12092EB40BC5}.Release|x86.Build.0 = Release|Win32
		{CC243C02-0A84-4D3F-AA24-0911E8F08FF5}.Debug|x64.ActiveCfg = Debug|x64
		{CC243C02-0A84-4D3F-AA24-0911E8F08FF5}.Debug|x64.Build.0 = Debug|x64
		{CC243C02-0A84-4D3F-AA24-0911E8F08FF5}.Debug|x86.ActiveCfg = Debug|Win32
		{CC243C02-0A84-4D3F-AA24-0911E8F08FF5}.Debug|x86.Build.0 = Debug|Win32
		{CC243C02-0A84-4D3F-AA24-0911E8F08FF5}.Release|x64.ActiveCfg = Release|x64
		{CC243C02-0A84-4D3F-AA24-0911E8F08FF5}.Release|x64.Build.0 = Release|x64
		{CC243C02-0A84-4D3F-AA24-0911E8F08FF5}.Release|x86.ActiveCfg = Release|Win32
		{CC243C02-0A84-4D3F-AA24-0911E8F08FF5}.Release|x86.Build.0 = Release|Win32
		{3138D3C9-3FCF-48EC-A78E-74BDC8CA6CDC}.Debug|x64.ActiveCfg = Debug|x64
		{3138D3C9-3FCF-48EC-A78E-74BDC8CA6CDC}.Debug|x64.Build.0 = Debug|x64
		{3138D3C9-3FCF-48EC-A78E-74BDC8CA6CDC}.Debug|x86.ActiveCfg = Debug|Win32
		{3138D3C9-3FCF-48EC-A78E-74BDC8CA6CDC}.Debug|x86.Build.0 = Debug|Win32
		{3138D3C9-3FCF-48EC-A78E-74BDC8CA6CDC}.Release|x64.ActiveCfg = Release|x64
		{3138D3C9-3FCF-48EC-A78E-74BDC8CA6CDC}.Release|x64.Build.0 = Release|x64
		{3138D3C9-3FCF-48EC-A78E-74BDC8CA6CDC}.Release|x86.ActiveCfg = Release|Win32
		{3138D3C9-3FCF-48EC-A78E-74BDC8CA6CDC}.Release|x86.Build.0 = Release|Win32
		{9AEAB6A4-C24E-4506-87CF-7C2D48342DC9}.Debug|x64.ActiveCfg = Debug|x64
		{9AEAB6A4-C24E-4506-87CF-7C2D48342DC9}.Debug|x64.Build.0 = Debug|x64
		{9AEAB6A4-C24E-4506-87CF-7C2D48342DC9}.Debug|x86.ActiveCfg = Debug|Win32
		{9AEAB6A4-C24E-4506-87CF-7C2D48342DC9}.Debug|x86.Build.0 = Debug|Win32
		{9AEAB6A4-C24E-4506-87CF-7C2D48342DC9}.Release|x64.ActiveCfg = Release|x64
		{9AEAB6A4-C24E-4506-87CF-7C2D48342DC9}.Release|x64.Build.0 = Release|x64
		{9AEAB6A4-C24E-4506-87CF-7C2D48342DC9}.Release|x86.ActiveCfg = Release|Win32
		{9AEAB6A4-C24E-4506-87CF-7C2D48342DC9}.Release|x86.Build.0 = Release|Win32
		{1344F923-33BD-415C-A80E-ED85488DB379}.Debug|x64.ActiveCfg = Debug|x64
		{1344F923-33BD-415C-A80E-ED85488DB379}.Debug|x64.Build.0 = Debug|x64
		{1344F923-33BD-415C-A80E-ED85488DB379}.Debug|x86.ActiveCfg = Debug|Win32
		{1344F923-33BD-415C-A80E-ED85488DB379}.Debug|x86.Build.0 = Debug|Win32
		{1344F923-33BD-415C-A80E-ED85488DB379}.Release|x64.ActiveCfg = Release|x64
		{1344F923-33BD-415C-A80E-ED85488DB379}.Release|x64.Build.0 = Release|x64
		{1344F923-33BD-415C-A80E-ED85488DB379}.Release|x86.ActiveCfg = Release|Win32
		{1344F923-33BD-415C-A80E-ED85488DB379}.Release|x86.Build.0 = Release|Win32
		{D14A2365-6952-4C59-A181-2C843EFDE070}.Debug|x64.ActiveCfg = Debug|x64
		{D14A2365-6952-4C59-A181-2C843EFDE070}.Debug|x64.Build.0 = Debug|x64
		{D14A2365-6952-4C59-A181-2C843EFDE070}.Debug|x86.ActiveCfg = Debug|Win32
		{D14A2365-6952-4C59-A181-2C843EFDE070}.Debug|x86.Build.0 = Debug|Win32
		{D14A2365-6952-4C59-A181-2C843EFDE070}.Release|x64.ActiveCfg = Release|x64
		{D14A2365-6952-4C59-A181-2C843EFDE070}.Release|x64.Build.0 = Release|x64
		{D14A2365-6952-4C59-A181-2C843EFDE070}.Release|x86.ActiveCfg = Release|Win32
		{D14A2365-6952-4C59-A181-2C843EFDE070}.Release|x86.Build.0 = Release|Win32
		{2E2EFA85-EB73-4F45-B80F-D423B4E04F95}.Debug|x64.ActiveCfg = Debug|x64
		{2E2EFA85-EB73-4F45-B80F-D423B4E04F95}.Debug|x64.Build.0 = Debug|x64
		{2E2EFA85-EB73-4F45-B80F-D423B4E04F95}.Debug|x86.ActiveCfg = Debug|Win32
		{2E2EFA85-EB73-4F45-B80F-D423B4E04F95}.Debug|x86.Build.0 = Debug|Win32
		{2E2EFA85-EB73-4F45-B80F-D423B4E04F95}.Release|x64.ActiveCfg = Release|x64
		{2E2EFA85-EB73-4F45-B80F-D423B4E04F95}.Release|x64.Build.0 = Release|x64
		{2E2EFA85-EB73-4F45-B80F-D423B4E04F95}.Release|x86.ActiveCfg = Release|Win32
		{2E2EFA85-EB73-4F45-B80F-D423B4E04F95}.Release|x86.Build.0 = Release|Win32
		{837C9284-393D-4D12-8FF4-2F31305DCA13}.Debug|x64.ActiveCfg = Debug|x64
		{837C9284-393D-4D12-8FF4-2F31305DCA13}.Debug|x64.Build.0 = Debug|x64
		{837C9284-393D-4D12-8FF4-2F31305DCA13}.Debug|x86.ActiveCfg = Debug|Win32
		{837C9284-393D-4D12-8FF4-2F31305DCA13}.Debug|x86.Build.0 = Debug|Win32
		{837C9284-393D-4D12-8FF4-2F31305DCA13}.Release|x64.ActiveCfg = Release|x64
		{837C9284-393D-4D12-8FF4-2F31305DCA13}.Release|x64.Build.0 = Release|x64
		{837C9284-393D-4D12-8FF4-2F31305DCA13}.Release|x86.ActiveCfg = Release|Win32
		{837C9284-393D-4D12-8FF4-2F31305DCA13}.Release|x86.Build.0 = Release|Win32
		{E84AEFA3-857E-4824-8D55-2EEBABD882DC}.Debug|x64.ActiveCfg = Debug|x64
		{E84AEFA3-857E-4824-8D55-2EEBABD882DC}.Debug|x64.Build.0 = Debug|x64
		{E84AEFA3-857E-4824-8D55-2EEBABD882DC}.Debug|x86.ActiveCfg = Debug|Win32
		{E84AEFA3-857E-4824-8D55-2EEBABD882DC}.Debug|x86.Build.0 = Debug|Win32
		{E84AEFA3-857E-4824-8D55-2EEBABD882DC}.Release|x64.ActiveCfg = Release|x64
		{E84AEFA3-857E-4824-8D55-2EEBABD882DC}.Release|x64.Build.0 = Release|x64
		{E84AEFA3-857E-4824-8D55-2EEBABD882DC}.Release|x86.ActiveCfg = Release|Win32
		{E84AEFA3-857E-4824-8D55-2EEBABD882DC}.Release|x86.Build.0 = Release|Win32
		{E866C1D9-CCC8-4BB1-849D-C67B02659618}.Debug|x64.ActiveCfg = Debug|x64
		{E866C1D9-CCC8-4BB1-849D-C67B02659618}.Debug|x64.Build.0 = Debug|x64
		{E866C1D9-CCC8-4BB1-849D-C67B02659618}.Debug|x86.ActiveCfg = Debug|Win32
		{E866C1D9-CCC8-4BB1-849D-C67B02659618}.Debug|x86.Build.0 = Debug|Win32
		{E866C1D9-CCC8-4BB1-849D-C67B02659618}.Release|x64.ActiveCfg = Release|x64
		{E866C1D9-CCC8-4BB1-849D-C67B02659618}.Release|x64.Build.0 = Release|x64
		{E866C1D9-CCC8-4BB1-849D-C67B02659618}.Release|x86.ActiveCfg = Release|Win32
		{E866C1D9-CCC8-4BB1-849D-C67B02659618}.Release|x86.Build.0 = Release|Win32
		{70534C79-350C-4F8B-B433-556ED140C0D2}.Debug|x64.ActiveCfg = Debug|x64
		{70534C79-350C-4F8B-B433-556ED140C0D2}.Debug|x64.Build.0 = Debug|x64
		{70534C79-350C-4F8B-B433-556ED140C0D2}.Debug|x86.ActiveCfg = Debug|Win32
		{70534C79-350C-4F8B-B433-556ED140C0D2}.Debug|x86.Build.0 = Debug|Win32
		{70534C79-350C-4F8B-B433-556ED140C0D2}.Release|x64.ActiveCfg = Release|x64
		{70534C79-350C-4F8B-B433-556ED140C0D2}.Release|x64.Build.0 = Release|x64
		{70534C79-350C-4F8B-B433-556ED140C0D2}.Release|x86.ActiveCfg = Release|Win32
		{70534C79-350C-4F8B-B433-556ED140C0D2}.Release|x86.Build.0 = Release|Win32
		{4DADCD70-A23D-4FF2-B834-4D6A0B7F8195}.Debug|x64.ActiveCfg = Debug|x64
		{4DADCD70-A23D-4FF2-B834-4D6A0B7F8195}.Debug|x64.Build.0 = Debug|x64
		{4DADCD70-A23D-4FF2-B834-4D6A0B7F8195}.Debug|x86.ActiveCfg = Debug|Win32
		{4DADCD70-A23D-4FF2-B834-4D6A0B7F8195}.Debug|x86.Build.0 = Debug|Win32
		{4DADCD70-A23D-4FF2-B834-4D6A0B7F8195}.Release|x64.ActiveCfg = Release|x64
		{4DADCD70-A23D-4FF2-B834-4D6A0B7F8195}.Release|x64.Build.0 = Release|x64
		{4DADCD70-A23D-4FF2-B834-4D6A0B7F8195}.Release|x86.ActiveCfg = Release|Win32
		{4DADCD70-A23D-4FF2-B834-4D6A0B7F8195}.Release|x86.Build.0 = Release|Win32
	EndGlobalSection
	GlobalSection(SolutionProperties) = preSolution
		HideSolutionNode = FALSE
	EndGlobalSection
	GlobalSection(ExtensibilityGlobals) = postSolution
		SolutionGuid = {A5F390B4-F423-40AA-B1E5-74DE2572CEDC}
	EndGlobalSection
EndGlobal
